
Microsoft Visual Studio Solution File, Format Version 12.00
# Visual Studio Version 17
VisualStudioVersion = 17.5.33414.496
MinimumVisualStudioVersion = 10.0.40219.1
Project("{FAE04EC0-301F-11D3-BF4B-00C04F79EFBC}") = "FinalProj.FitnessApp", "FinalProj.FitnessApp.csproj", "{78D858F5-18E4-4468-ADAF-4E716D469A82}"
EndProject
Global
	GlobalSection(SolutionConfigurationPlatforms) = preSolution
		Debug|Any CPU = Debug|Any CPU
		Release|Any CPU = Release|Any CPU
	EndGlobalSection
	GlobalSection(ProjectConfigurationPlatforms) = postSolution
		{78D858F5-18E4-4468-ADAF-4E716D469A82}.Debug|Any CPU.ActiveCfg = Debug|Any CPU
		{78D858F5-18E4-4468-ADAF-4E716D469A82}.Debug|Any CPU.Build.0 = Debug|Any CPU
		{78D858F5-18E4-4468-ADAF-4E716D469A82}.Release|Any CPU.ActiveCfg = Release|Any CPU
		{78D858F5-18E4-4468-ADAF-4E716D469A82}.Release|Any CPU.Build.0 = Release|Any CPU
	EndGlobalSection
	GlobalSection(SolutionProperties) = preSolution
		HideSolutionNode = FALSE
	EndGlobalSection
	GlobalSection(ExtensibilityGlobals) = postSolution
		SolutionGuid = {BB271137-C5B3-47EE-9A70-062BF4ADC34D}
	EndGlobalSection
EndGlobal
